
Microsoft Visual Studio Solution File, Format Version 12.00
# Visual Studio 15
VisualStudioVersion = 15.0.28307.271
MinimumVisualStudioVersion = 10.0.40219.1
Project("{FAE04EC0-301F-11D3-BF4B-00C04F79EFBC}") = "KampoSkaiciavimas", "ConsoleApp1\KampoSkaiciavimas.csproj", "{B80BCB7A-375E-48A4-B007-348B58F5F3DE}"
EndProject
Global
	GlobalSection(SolutionConfigurationPlatforms) = preSolution
		Debug|Any CPU = Debug|Any CPU
		Release|Any CPU = Release|Any CPU
	EndGlobalSection
	GlobalSection(ProjectConfigurationPlatforms) = postSolution
		{B80BCB7A-375E-48A4-B007-348B58F5F3DE}.Debug|Any CPU.ActiveCfg = Debug|Any CPU
		{B80BCB7A-375E-48A4-B007-348B58F5F3DE}.Debug|Any CPU.Build.0 = Debug|Any CPU
		{B80BCB7A-375E-48A4-B007-348B58F5F3DE}.Release|Any CPU.ActiveCfg = Release|Any CPU
		{B80BCB7A-375E-48A4-B007-348B58F5F3DE}.Release|Any CPU.Build.0 = Release|Any CPU
	EndGlobalSection
	GlobalSection(SolutionProperties) = preSolution
		HideSolutionNode = FALSE
	EndGlobalSection
	GlobalSection(ExtensibilityGlobals) = postSolution
		SolutionGuid = {87141A16-045B-4DED-A97B-C1E1F214886B}
	EndGlobalSection
EndGlobal
